
Microsoft Visual Studio Solution File, Format Version 12.00
# Visual Studio Version 16
VisualStudioVersion = 16.0.31424.327
MinimumVisualStudioVersion = 10.0.40219.1
Project("{FAE04EC0-301F-11D3-BF4B-00C04F79EFBC}") = "WPFMessageWall", "WPFMessageWall\WPFMessageWall.csproj", "{01A8539F-51D7-4C3D-8CC5-20A41EF9C862}"
EndProject
Global
	GlobalSection(SolutionConfigurationPlatforms) = preSolution
		Debug|Any CPU = Debug|Any CPU
		Release|Any CPU = Release|Any CPU
	EndGlobalSection
	GlobalSection(ProjectConfigurationPlatforms) = postSolution
		{01A8539F-51D7-4C3D-8CC5-20A41EF9C862}.Debug|Any CPU.ActiveCfg = Debug|Any CPU
		{01A8539F-51D7-4C3D-8CC5-20A41EF9C862}.Debug|Any CPU.Build.0 = Debug|Any CPU
		{01A8539F-51D7-4C3D-8CC5-20A41EF9C862}.Release|Any CPU.ActiveCfg = Release|Any CPU
		{01A8539F-51D7-4C3D-8CC5-20A41EF9C862}.Release|Any CPU.Build.0 = Release|Any CPU
	EndGlobalSection
	GlobalSection(SolutionProperties) = preSolution
		HideSolutionNode = FALSE
	EndGlobalSection
	GlobalSection(ExtensibilityGlobals) = postSolution
		SolutionGuid = {69910D44-7E19-4303-8238-532967951368}
	EndGlobalSection
EndGlobal
